{
  "pins" : [
    {
      "identity" : "voxeet-sdk-ios",
      "kind" : "remoteSourceControl",
      "location" : "https://github.com/voxeet/voxeet-sdk-ios",
      "state" : {
        "branch" : "master",
        "revision" : "20649e658ecf59fb24a4b5ece78853a0e8ba32a6"
      }
    }
  ],
  "version" : 2
}
