{
  "pins" : [
    {
      "identity" : "voxeet-sdk-ios",
      "kind" : "remoteSourceControl",
      "location" : "https://github.com/voxeet/voxeet-sdk-ios",
      "state" : {
        "branch" : "master",
        "revision" : "8f8d789c45bd30395a42b8fb057d4db8a41d80d3"
      }
    }
  ],
  "version" : 2
}
