// !$*UTF8*$!
{
	archiveVersion = 1;
	classes = {
	};
	objectVersion = 50;
	objects = {

/* Begin PBXBuildFile section */
		8C8404F5260A4E3400796814 /* dvclient.framework in Frameworks */ = {isa = PBXBuildFile; fileRef = 8C8404EF260A4CC900796814 /* dvclient.framework */; };
		8C8404F6260A4E3400796814 /* dvclient.framework in Embed Frameworks */ = {isa = PBXBuildFile; fileRef = 8C8404EF260A4CC900796814 /* dvclient.framework */; settings = {ATTRIBUTES = (CodeSignOnCopy, RemoveHeadersOnCopy, ); }; };
		FA9A4630238EDB7F00BB3F1B /* AppDelegate.swift in Sources */ = {isa = PBXBuildFile; fileRef = FA9A462F238EDB7F00BB3F1B /* AppDelegate.swift */; };
		FA9A4632238EDB7F00BB3F1B /* SceneDelegate.swift in Sources */ = {isa = PBXBuildFile; fileRef = FA9A4631238EDB7F00BB3F1B /* SceneDelegate.swift */; };
		FA9A4634238EDB7F00BB3F1B /* ViewController.swift in Sources */ = {isa = PBXBuildFile; fileRef = FA9A4633238EDB7F00BB3F1B /* ViewController.swift */; };
		FA9A4637238EDB7F00BB3F1B /* Main.storyboard in Resources */ = {isa = PBXBuildFile; fileRef = FA9A4635238EDB7F00BB3F1B /* Main.storyboard */; };
		FA9A4639238EDB8000BB3F1B /* Assets.xcassets in Resources */ = {isa = PBXBuildFile; fileRef = FA9A4638238EDB8000BB3F1B /* Assets.xcassets */; };
		FA9A463C238EDB8000BB3F1B /* LaunchScreen.storyboard in Resources */ = {isa = PBXBuildFile; fileRef = FA9A463A238EDB8000BB3F1B /* LaunchScreen.storyboard */; };
		FA9A464A238EDC9000BB3F1B /* WebRTC.framework in Frameworks */ = {isa = PBXBuildFile; fileRef = FA9A4648238EDC9000BB3F1B /* WebRTC.framework */; };
		FA9A464B238EDC9000BB3F1B /* VoxeetSDK.framework in Frameworks */ = {isa = PBXBuildFile; fileRef = FA9A4649238EDC9000BB3F1B /* VoxeetSDK.framework */; };
/* End PBXBuildFile section */

/* Begin PBXCopyFilesBuildPhase section */
		8C8404F7260A4E3400796814 /* Embed Frameworks */ = {
			isa = PBXCopyFilesBuildPhase;
			buildActionMask = 2147483647;
			dstPath = "";
			dstSubfolderSpec = 10;
			files = (
				8C8404F6260A4E3400796814 /* dvclient.framework in Embed Frameworks */,
			);
			name = "Embed Frameworks";
			runOnlyForDeploymentPostprocessing = 0;
		};
/* End PBXCopyFilesBuildPhase section */

/* Begin PBXFileReference section */
		8C8404EF260A4CC900796814 /* dvclient.framework */ = {isa = PBXFileReference; lastKnownFileType = wrapper.framework; name = dvclient.framework; path = Carthage/Build/iOS/dvclient.framework; sourceTree = "<group>"; };
		FA9A462C238EDB7F00BB3F1B /* Sample.app */ = {isa = PBXFileReference; explicitFileType = wrapper.application; includeInIndex = 0; path = Sample.app; sourceTree = BUILT_PRODUCTS_DIR; };
		FA9A462F238EDB7F00BB3F1B /* AppDelegate.swift */ = {isa = PBXFileReference; lastKnownFileType = sourcecode.swift; path = AppDelegate.swift; sourceTree = "<group>"; };
		FA9A4631238EDB7F00BB3F1B /* SceneDelegate.swift */ = {isa = PBXFileReference; lastKnownFileType = sourcecode.swift; path = SceneDelegate.swift; sourceTree = "<group>"; };
		FA9A4633238EDB7F00BB3F1B /* ViewController.swift */ = {isa = PBXFileReference; lastKnownFileType = sourcecode.swift; path = ViewController.swift; sourceTree = "<group>"; };
		FA9A4636238EDB7F00BB3F1B /* Base */ = {isa = PBXFileReference; lastKnownFileType = file.storyboard; name = Base; path = Base.lproj/Main.storyboard; sourceTree = "<group>"; };
		FA9A4638238EDB8000BB3F1B /* Assets.xcassets */ = {isa = PBXFileReference; lastKnownFileType = folder.assetcatalog; path = Assets.xcassets; sourceTree = "<group>"; };
		FA9A463B238EDB8000BB3F1B /* Base */ = {isa = PBXFileReference; lastKnownFileType = file.storyboard; name = Base; path = Base.lproj/LaunchScreen.storyboard; sourceTree = "<group>"; };
		FA9A463D238EDB8000BB3F1B /* Info.plist */ = {isa = PBXFileReference; lastKnownFileType = text.plist.xml; path = Info.plist; sourceTree = "<group>"; };
		FA9A4648238EDC9000BB3F1B /* WebRTC.framework */ = {isa = PBXFileReference; lastKnownFileType = wrapper.framework; name = WebRTC.framework; path = Carthage/Build/iOS/WebRTC.framework; sourceTree = "<group>"; };
		FA9A4649238EDC9000BB3F1B /* VoxeetSDK.framework */ = {isa = PBXFileReference; lastKnownFileType = wrapper.framework; name = VoxeetSDK.framework; path = Carthage/Build/iOS/VoxeetSDK.framework; sourceTree = "<group>"; };
/* End PBXFileReference section */

/* Begin PBXFrameworksBuildPhase section */
		FA9A4629238EDB7F00BB3F1B /* Frameworks */ = {
			isa = PBXFrameworksBuildPhase;
			buildActionMask = 2147483647;
			files = (
				8C8404F5260A4E3400796814 /* dvclient.framework in Frameworks */,
				FA9A464B238EDC9000BB3F1B /* VoxeetSDK.framework in Frameworks */,
				FA9A464A238EDC9000BB3F1B /* WebRTC.framework in Frameworks */,
			);
			runOnlyForDeploymentPostprocessing = 0;
		};
/* End PBXFrameworksBuildPhase section */

/* Begin PBXGroup section */
		FA9A4623238EDB7F00BB3F1B = {
			isa = PBXGroup;
			children = (
				FA9A4649238EDC9000BB3F1B /* VoxeetSDK.framework */,
				FA9A4648238EDC9000BB3F1B /* WebRTC.framework */,
				8C8404EF260A4CC900796814 /* dvclient.framework */,
				FA9A462E238EDB7F00BB3F1B /* Sample */,
				FA9A462D238EDB7F00BB3F1B /* Products */,
			);
			sourceTree = "<group>";
		};
		FA9A462D238EDB7F00BB3F1B /* Products */ = {
			isa = PBXGroup;
			children = (
				FA9A462C238EDB7F00BB3F1B /* Sample.app */,
			);
			name = Products;
			sourceTree = "<group>";
		};
		FA9A462E238EDB7F00BB3F1B /* Sample */ = {
			isa = PBXGroup;
			children = (
				FA9A462F238EDB7F00BB3F1B /* AppDelegate.swift */,
				FA9A4631238EDB7F00BB3F1B /* SceneDelegate.swift */,
				FA9A4633238EDB7F00BB3F1B /* ViewController.swift */,
				FA9A4635238EDB7F00BB3F1B /* Main.storyboard */,
				FA9A4638238EDB8000BB3F1B /* Assets.xcassets */,
				FA9A463A238EDB8000BB3F1B /* LaunchScreen.storyboard */,
				FA9A463D238EDB8000BB3F1B /* Info.plist */,
			);
			path = Sample;
			sourceTree = "<group>";
		};
/* End PBXGroup section */

/* Begin PBXNativeTarget section */
		FA9A462B238EDB7F00BB3F1B /* Sample */ = {
			isa = PBXNativeTarget;
			buildConfigurationList = FA9A4640238EDB8000BB3F1B /* Build configuration list for PBXNativeTarget "Sample" */;
			buildPhases = (
				FA9A4628238EDB7F00BB3F1B /* Sources */,
				FA9A4629238EDB7F00BB3F1B /* Frameworks */,
				FA9A462A238EDB7F00BB3F1B /* Resources */,
				FA9A4647238EDB9F00BB3F1B /* Carthage Run Script */,
				8C8404F7260A4E3400796814 /* Embed Frameworks */,
			);
			buildRules = (
			);
			dependencies = (
			);
			name = Sample;
			productName = Sample;
			productReference = FA9A462C238EDB7F00BB3F1B /* Sample.app */;
			productType = "com.apple.product-type.application";
		};
/* End PBXNativeTarget section */

/* Begin PBXProject section */
		FA9A4624238EDB7F00BB3F1B /* Project object */ = {
			isa = PBXProject;
			attributes = {
				LastSwiftUpdateCheck = 1120;
				LastUpgradeCheck = 1240;
				ORGANIZATIONNAME = Voxeet;
				TargetAttributes = {
					FA9A462B238EDB7F00BB3F1B = {
						CreatedOnToolsVersion = 11.2.1;
					};
				};
			};
			buildConfigurationList = FA9A4627238EDB7F00BB3F1B /* Build configuration list for PBXProject "Sample" */;
			compatibilityVersion = "Xcode 9.3";
			developmentRegion = en;
			hasScannedForEncodings = 0;
			knownRegions = (
				en,
				Base,
			);
			mainGroup = FA9A4623238EDB7F00BB3F1B;
			productRefGroup = FA9A462D238EDB7F00BB3F1B /* Products */;
			projectDirPath = "";
			projectRoot = "";
			targets = (
				FA9A462B238EDB7F00BB3F1B /* Sample */,
			);
		};
/* End PBXProject section */

/* Begin PBXResourcesBuildPhase section */
		FA9A462A238EDB7F00BB3F1B /* Resources */ = {
			isa = PBXResourcesBuildPhase;
			buildActionMask = 2147483647;
			files = (
				FA9A463C238EDB8000BB3F1B /* LaunchScreen.storyboard in Resources */,
				FA9A4639238EDB8000BB3F1B /* Assets.xcassets in Resources */,
				FA9A4637238EDB7F00BB3F1B /* Main.storyboard in Resources */,
			);
			runOnlyForDeploymentPostprocessing = 0;
		};
/* End PBXResourcesBuildPhase section */

/* Begin PBXShellScriptBuildPhase section */
		FA9A4647238EDB9F00BB3F1B /* Carthage Run Script */ = {
			isa = PBXShellScriptBuildPhase;
			buildActionMask = 2147483647;
			files = (
			);
			inputFileListPaths = (
			);
			inputPaths = (
				"$(SRCROOT)/Carthage/Build/iOS/VoxeetSDK.framework",
				"$(SRCROOT)/Carthage/Build/iOS/WebRTC.framework",
			);
			name = "Carthage Run Script";
			outputFileListPaths = (
			);
			outputPaths = (
				"$(BUILT_PRODUCTS_DIR)/$(FRAMEWORKS_FOLDER_PATH)/VoxeetSDK.framework",
				"$(BUILT_PRODUCTS_DIR)/$(FRAMEWORKS_FOLDER_PATH)/WebRTC.framework",
			);
			runOnlyForDeploymentPostprocessing = 0;
			shellPath = /bin/sh;
			shellScript = "/usr/local/bin/carthage copy-frameworks\n";
		};
/* End PBXShellScriptBuildPhase section */

/* Begin PBXSourcesBuildPhase section */
		FA9A4628238EDB7F00BB3F1B /* Sources */ = {
			isa = PBXSourcesBuildPhase;
			buildActionMask = 2147483647;
			files = (
				FA9A4634238EDB7F00BB3F1B /* ViewController.swift in Sources */,
				FA9A4630238EDB7F00BB3F1B /* AppDelegate.swift in Sources */,
				FA9A4632238EDB7F00BB3F1B /* SceneDelegate.swift in Sources */,
			);
			runOnlyForDeploymentPostprocessing = 0;
		};
/* End PBXSourcesBuildPhase section */

/* Begin PBXVariantGroup section */
		FA9A4635238EDB7F00BB3F1B /* Main.storyboard */ = {
			isa = PBXVariantGroup;
			children = (
				FA9A4636238EDB7F00BB3F1B /* Base */,
			);
			name = Main.storyboard;
			sourceTree = "<group>";
		};
		FA9A463A238EDB8000BB3F1B /* LaunchScreen.storyboard */ = {
			isa = PBXVariantGroup;
			children = (
				FA9A463B238EDB8000BB3F1B /* Base */,
			);
			name = LaunchScreen.storyboard;
			sourceTree = "<group>";
		};
/* End PBXVariantGroup section */

/* Begin XCBuildConfiguration section */
		FA9A463E238EDB8000BB3F1B /* Debug */ = {
			isa = XCBuildConfiguration;
			buildSettings = {
				ALWAYS_SEARCH_USER_PATHS = NO;
				CLANG_ANALYZER_NONNULL = YES;
				CLANG_ANALYZER_NUMBER_OBJECT_CONVERSION = YES_AGGRESSIVE;
				CLANG_CXX_LANGUAGE_STANDARD = "gnu++14";
				CLANG_CXX_LIBRARY = "libc++";
				CLANG_ENABLE_MODULES = YES;
				CLANG_ENABLE_OBJC_ARC = YES;
				CLANG_ENABLE_OBJC_WEAK = YES;
				CLANG_WARN_BLOCK_CAPTURE_AUTORELEASING = YES;
				CLANG_WARN_BOOL_CONVERSION = YES;
				CLANG_WARN_COMMA = YES;
				CLANG_WARN_CONSTANT_CONVERSION = YES;
				CLANG_WARN_DEPRECATED_OBJC_IMPLEMENTATIONS = YES;
				CLANG_WARN_DIRECT_OBJC_ISA_USAGE = YES_ERROR;
				CLANG_WARN_DOCUMENTATION_COMMENTS = YES;
				CLANG_WARN_EMPTY_BODY = YES;
				CLANG_WARN_ENUM_CONVERSION = YES;
				CLANG_WARN_INFINITE_RECURSION = YES;
				CLANG_WARN_INT_CONVERSION = YES;
				CLANG_WARN_NON_LITERAL_NULL_CONVERSION = YES;
				CLANG_WARN_OBJC_IMPLICIT_RETAIN_SELF = YES;
				CLANG_WARN_OBJC_LITERAL_CONVERSION = YES;
				CLANG_WARN_OBJC_ROOT_CLASS = YES_ERROR;
				CLANG_WARN_QUOTED_INCLUDE_IN_FRAMEWORK_HEADER = YES;
				CLANG_WARN_RANGE_LOOP_ANALYSIS = YES;
				CLANG_WARN_STRICT_PROTOTYPES = YES;
				CLANG_WARN_SUSPICIOUS_MOVE = YES;
				CLANG_WARN_UNGUARDED_AVAILABILITY = YES_AGGRESSIVE;
				CLANG_WARN_UNREACHABLE_CODE = YES;
				CLANG_WARN__DUPLICATE_METHOD_MATCH = YES;
				COPY_PHASE_STRIP = NO;
				DEBUG_INFORMATION_FORMAT = dwarf;
				ENABLE_STRICT_OBJC_MSGSEND = YES;
				ENABLE_TESTABILITY = YES;
				GCC_C_LANGUAGE_STANDARD = gnu11;
				GCC_DYNAMIC_NO_PIC = NO;
				GCC_NO_COMMON_BLOCKS = YES;
				GCC_OPTIMIZATION_LEVEL = 0;
				GCC_PREPROCESSOR_DEFINITIONS = (
					"DEBUG=1",
					"$(inherited)",
				);
				GCC_WARN_64_TO_32_BIT_CONVERSION = YES;
				GCC_WARN_ABOUT_RETURN_TYPE = YES_ERROR;
				GCC_WARN_UNDECLARED_SELECTOR = YES;
				GCC_WARN_UNINITIALIZED_AUTOS = YES_AGGRESSIVE;
				GCC_WARN_UNUSED_FUNCTION = YES;
				GCC_WARN_UNUSED_VARIABLE = YES;
				IPHONEOS_DEPLOYMENT_TARGET = 13.2;
				MTL_ENABLE_DEBUG_INFO = INCLUDE_SOURCE;
				MTL_FAST_MATH = YES;
				ONLY_ACTIVE_ARCH = YES;
				SDKROOT = iphoneos;
				SWIFT_ACTIVE_COMPILATION_CONDITIONS = DEBUG;
				SWIFT_OPTIMIZATION_LEVEL = "-Onone";
			};
			name = Debug;
		};
		FA9A463F238EDB8000BB3F1B /* Release */ = {
			isa = XCBuildConfiguration;
			buildSettings = {
				ALWAYS_SEARCH_USER_PATHS = NO;
				CLANG_ANALYZER_NONNULL = YES;
				CLANG_ANALYZER_NUMBER_OBJECT_CONVERSION = YES_AGGRESSIVE;
				CLANG_CXX_LANGUAGE_STANDARD = "gnu++14";
				CLANG_CXX_LIBRARY = "libc++";
				CLANG_ENABLE_MODULES = YES;
				CLANG_ENABLE_OBJC_ARC = YES;
				CLANG_ENABLE_OBJC_WEAK = YES;
				CLANG_WARN_BLOCK_CAPTURE_AUTORELEASING = YES;
				CLANG_WARN_BOOL_CONVERSION = YES;
				CLANG_WARN_COMMA = YES;
				CLANG_WARN_CONSTANT_CONVERSION = YES;
				CLANG_WARN_DEPRECATED_OBJC_IMPLEMENTATIONS = YES;
				CLANG_WARN_DIRECT_OBJC_ISA_USAGE = YES_ERROR;
				CLANG_WARN_DOCUMENTATION_COMMENTS = YES;
				CLANG_WARN_EMPTY_BODY = YES;
				CLANG_WARN_ENUM_CONVERSION = YES;
				CLANG_WARN_INFINITE_RECURSION = YES;
				CLANG_WARN_INT_CONVERSION = YES;
				CLANG_WARN_NON_LITERAL_NULL_CONVERSION = YES;
				CLANG_WARN_OBJC_IMPLICIT_RETAIN_SELF = YES;
				CLANG_WARN_OBJC_LITERAL_CONVERSION = YES;
				CLANG_WARN_OBJC_ROOT_CLASS = YES_ERROR;
				CLANG_WARN_QUOTED_INCLUDE_IN_FRAMEWORK_HEADER = YES;
				CLANG_WARN_RANGE_LOOP_ANALYSIS = YES;
				CLANG_WARN_STRICT_PROTOTYPES = YES;
				CLANG_WARN_SUSPICIOUS_MOVE = YES;
				CLANG_WARN_UNGUARDED_AVAILABILITY = YES_AGGRESSIVE;
				CLANG_WARN_UNREACHABLE_CODE = YES;
				CLANG_WARN__DUPLICATE_METHOD_MATCH = YES;
				COPY_PHASE_STRIP = NO;
				DEBUG_INFORMATION_FORMAT = "dwarf-with-dsym";
				ENABLE_NS_ASSERTIONS = NO;
				ENABLE_STRICT_OBJC_MSGSEND = YES;
				GCC_C_LANGUAGE_STANDARD = gnu11;
				GCC_NO_COMMON_BLOCKS = YES;
				GCC_WARN_64_TO_32_BIT_CONVERSION = YES;
				GCC_WARN_ABOUT_RETURN_TYPE = YES_ERROR;
				GCC_WARN_UNDECLARED_SELECTOR = YES;
				GCC_WARN_UNINITIALIZED_AUTOS = YES_AGGRESSIVE;
				GCC_WARN_UNUSED_FUNCTION = YES;
				GCC_WARN_UNUSED_VARIABLE = YES;
				IPHONEOS_DEPLOYMENT_TARGET = 13.2;
				MTL_ENABLE_DEBUG_INFO = NO;
				MTL_FAST_MATH = YES;
				SDKROOT = iphoneos;
				SWIFT_COMPILATION_MODE = wholemodule;
				SWIFT_OPTIMIZATION_LEVEL = "-O";
				VALIDATE_PRODUCT = YES;
			};
			name = Release;
		};
		FA9A4641238EDB8000BB3F1B /* Debug */ = {
			isa = XCBuildConfiguration;
			buildSettings = {
				ASSETCATALOG_COMPILER_APPICON_NAME = AppIcon;
				CODE_SIGN_STYLE = Automatic;
				DEVELOPMENT_TEAM = B55NRA8BRW;
				ENABLE_BITCODE = NO;
				FRAMEWORK_SEARCH_PATHS = "$(PROJECT_DIR)/Carthage/Build/iOS";
				INFOPLIST_FILE = Sample/Info.plist;
				IPHONEOS_DEPLOYMENT_TARGET = 13.0;
				LD_RUNPATH_SEARCH_PATHS = (
					"$(inherited)",
					"@executable_path/Frameworks",
				);
				PRODUCT_BUNDLE_IDENTIFIER = com.voxeet.Sample;
				PRODUCT_NAME = "$(TARGET_NAME)";
				SWIFT_VERSION = 5.0;
				TARGETED_DEVICE_FAMILY = "1,2";
				VALIDATE_WORKSPACE = YES;
			};
			name = Debug;
		};
		FA9A4642238EDB8000BB3F1B /* Release */ = {
			isa = XCBuildConfiguration;
			buildSettings = {
				ASSETCATALOG_COMPILER_APPICON_NAME = AppIcon;
				CODE_SIGN_STYLE = Automatic;
				DEVELOPMENT_TEAM = B55NRA8BRW;
				ENABLE_BITCODE = NO;
				FRAMEWORK_SEARCH_PATHS = "$(PROJECT_DIR)/Carthage/Build/iOS";
				INFOPLIST_FILE = Sample/Info.plist;
				IPHONEOS_DEPLOYMENT_TARGET = 13.0;
				LD_RUNPATH_SEARCH_PATHS = (
					"$(inherited)",
					"@executable_path/Frameworks",
				);
				PRODUCT_BUNDLE_IDENTIFIER = com.voxeet.Sample;
				PRODUCT_NAME = "$(TARGET_NAME)";
				SWIFT_VERSION = 5.0;
				TARGETED_DEVICE_FAMILY = "1,2";
				VALIDATE_WORKSPACE = YES;
			};
			name = Release;
		};
/* End XCBuildConfiguration section */

/* Begin XCConfigurationList section */
		FA9A4627238EDB7F00BB3F1B /* Build configuration list for PBXProject "Sample" */ = {
			isa = XCConfigurationList;
			buildConfigurations = (
				FA9A463E238EDB8000BB3F1B /* Debug */,
				FA9A463F238EDB8000BB3F1B /* Release */,
			);
			defaultConfigurationIsVisible = 0;
			defaultConfigurationName = Release;
		};
		FA9A4640238EDB8000BB3F1B /* Build configuration list for PBXNativeTarget "Sample" */ = {
			isa = XCConfigurationList;
			buildConfigurations = (
				FA9A4641238EDB8000BB3F1B /* Debug */,
				FA9A4642238EDB8000BB3F1B /* Release */,
			);
			defaultConfigurationIsVisible = 0;
			defaultConfigurationName = Release;
		};
/* End XCConfigurationList section */
	};
	rootObject = FA9A4624238EDB7F00BB3F1B /* Project object */;
}
